// !$*UTF8*$!
{
	archiveVersion = 1;
	classes = {
	};
	objectVersion = 55;
	objects = {

/* Begin PBXBuildFile section */
		D25D6E222769D9C600323F7A /* WidgetKit.framework in Frameworks */ = {isa = PBXBuildFile; fileRef = D25D6E212769D9C600323F7A /* WidgetKit.framework */; platformFilter = maccatalyst; };
		D25D6E242769D9C600323F7A /* SwiftUI.framework in Frameworks */ = {isa = PBXBuildFile; fileRef = D25D6E232769D9C600323F7A /* SwiftUI.framework */; platformFilter = maccatalyst; };
		D25D6E272769D9C600323F7A /* CoreDataWidget.swift in Sources */ = {isa = PBXBuildFile; fileRef = D25D6E262769D9C600323F7A /* CoreDataWidget.swift */; };
		D25D6E292769D9C700323F7A /* Assets.xcassets in Resources */ = {isa = PBXBuildFile; fileRef = D25D6E282769D9C700323F7A /* Assets.xcassets */; };
		D25D6E2D2769D9C700323F7A /* CoreDataWidgetExtension.appex in Embed App Extensions */ = {isa = PBXBuildFile; fileRef = D25D6E202769D9C600323F7A /* CoreDataWidgetExtension.appex */; settings = {ATTRIBUTES = (RemoveHeadersOnCopy, ); }; };
		D25D6E322769D9D700323F7A /* Persistence.swift in Sources */ = {isa = PBXBuildFile; fileRef = D2ACB52F276970B0002CF461 /* Persistence.swift */; };
		D25D6E332769D9E200323F7A /* CoreDataTest.xcdatamodeld in Sources */ = {isa = PBXBuildFile; fileRef = D2ACB52B276970B0002CF461 /* CoreDataTest.xcdatamodeld */; };
		D25D6E352769DC7D00323F7A /* CloudKit.framework in Frameworks */ = {isa = PBXBuildFile; fileRef = D2ACB5522769CA4D002CF461 /* CloudKit.framework */; };
		D2ACB53E276970B2002CF461 /* CoreDataTest.xcdatamodeld in Sources */ = {isa = PBXBuildFile; fileRef = D2ACB52B276970B0002CF461 /* CoreDataTest.xcdatamodeld */; };
		D2ACB53F276970B2002CF461 /* CoreDataTest.xcdatamodeld in Sources */ = {isa = PBXBuildFile; fileRef = D2ACB52B276970B0002CF461 /* CoreDataTest.xcdatamodeld */; };
		D2ACB540276970B2002CF461 /* CoreDataTestApp.swift in Sources */ = {isa = PBXBuildFile; fileRef = D2ACB52D276970B0002CF461 /* CoreDataTestApp.swift */; };
		D2ACB541276970B2002CF461 /* CoreDataTestApp.swift in Sources */ = {isa = PBXBuildFile; fileRef = D2ACB52D276970B0002CF461 /* CoreDataTestApp.swift */; };
		D2ACB542276970B2002CF461 /* ContentView.swift in Sources */ = {isa = PBXBuildFile; fileRef = D2ACB52E276970B0002CF461 /* ContentView.swift */; };
		D2ACB543276970B2002CF461 /* ContentView.swift in Sources */ = {isa = PBXBuildFile; fileRef = D2ACB52E276970B0002CF461 /* ContentView.swift */; };
		D2ACB544276970B2002CF461 /* Persistence.swift in Sources */ = {isa = PBXBuildFile; fileRef = D2ACB52F276970B0002CF461 /* Persistence.swift */; };
		D2ACB545276970B2002CF461 /* Persistence.swift in Sources */ = {isa = PBXBuildFile; fileRef = D2ACB52F276970B0002CF461 /* Persistence.swift */; };
		D2ACB546276970B2002CF461 /* Assets.xcassets in Resources */ = {isa = PBXBuildFile; fileRef = D2ACB530276970B2002CF461 /* Assets.xcassets */; };
		D2ACB547276970B2002CF461 /* Assets.xcassets in Resources */ = {isa = PBXBuildFile; fileRef = D2ACB530276970B2002CF461 /* Assets.xcassets */; };
		D2ACB5532769CA4D002CF461 /* CloudKit.framework in Frameworks */ = {isa = PBXBuildFile; fileRef = D2ACB5522769CA4D002CF461 /* CloudKit.framework */; };
		D2ACB5562769CBD5002CF461 /* CloudKit.framework in Frameworks */ = {isa = PBXBuildFile; fileRef = D2ACB5552769CBD5002CF461 /* CloudKit.framework */; };
/* End PBXBuildFile section */

/* Begin PBXContainerItemProxy section */
		D25D6E2B2769D9C700323F7A /* PBXContainerItemProxy */ = {
			isa = PBXContainerItemProxy;
			containerPortal = D2ACB526276970B0002CF461 /* Project object */;
			proxyType = 1;
			remoteGlobalIDString = D25D6E1F2769D9C600323F7A;
			remoteInfo = CoreDataWidgetExtension;
		};
/* End PBXContainerItemProxy section */

/* Begin PBXCopyFilesBuildPhase section */
		D25D6E312769D9C700323F7A /* Embed App Extensions */ = {
			isa = PBXCopyFilesBuildPhase;
			buildActionMask = 2147483647;
			dstPath = "";
			dstSubfolderSpec = 13;
			files = (
				D25D6E2D2769D9C700323F7A /* CoreDataWidgetExtension.appex in Embed App Extensions */,
			);
			name = "Embed App Extensions";
			runOnlyForDeploymentPostprocessing = 0;
		};
/* End PBXCopyFilesBuildPhase section */

/* Begin PBXFileReference section */
		D25D6E202769D9C600323F7A /* CoreDataWidgetExtension.appex */ = {isa = PBXFileReference; explicitFileType = "wrapper.app-extension"; includeInIndex = 0; path = CoreDataWidgetExtension.appex; sourceTree = BUILT_PRODUCTS_DIR; };
		D25D6E212769D9C600323F7A /* WidgetKit.framework */ = {isa = PBXFileReference; lastKnownFileType = wrapper.framework; name = WidgetKit.framework; path = System/Library/Frameworks/WidgetKit.framework; sourceTree = SDKROOT; };
		D25D6E232769D9C600323F7A /* SwiftUI.framework */ = {isa = PBXFileReference; lastKnownFileType = wrapper.framework; name = SwiftUI.framework; path = System/Library/Frameworks/SwiftUI.framework; sourceTree = SDKROOT; };
		D25D6E262769D9C600323F7A /* CoreDataWidget.swift */ = {isa = PBXFileReference; lastKnownFileType = sourcecode.swift; path = CoreDataWidget.swift; sourceTree = "<group>"; };
		D25D6E282769D9C700323F7A /* Assets.xcassets */ = {isa = PBXFileReference; lastKnownFileType = folder.assetcatalog; path = Assets.xcassets; sourceTree = "<group>"; };
		D25D6E2A2769D9C700323F7A /* Info.plist */ = {isa = PBXFileReference; lastKnownFileType = text.plist.xml; path = Info.plist; sourceTree = "<group>"; };
		D25D6E342769DC6D00323F7A /* CoreDataWidgetExtension.entitlements */ = {isa = PBXFileReference; lastKnownFileType = text.plist.entitlements; path = CoreDataWidgetExtension.entitlements; sourceTree = "<group>"; };
		D2ACB52C276970B0002CF461 /* Shared.xcdatamodel */ = {isa = PBXFileReference; lastKnownFileType = wrapper.xcdatamodel; path = Shared.xcdatamodel; sourceTree = "<group>"; };
		D2ACB52D276970B0002CF461 /* CoreDataTestApp.swift */ = {isa = PBXFileReference; lastKnownFileType = sourcecode.swift; path = CoreDataTestApp.swift; sourceTree = "<group>"; };
		D2ACB52E276970B0002CF461 /* ContentView.swift */ = {isa = PBXFileReference; lastKnownFileType = sourcecode.swift; path = ContentView.swift; sourceTree = "<group>"; };
		D2ACB52F276970B0002CF461 /* Persistence.swift */ = {isa = PBXFileReference; lastKnownFileType = sourcecode.swift; path = Persistence.swift; sourceTree = "<group>"; };
		D2ACB530276970B2002CF461 /* Assets.xcassets */ = {isa = PBXFileReference; lastKnownFileType = folder.assetcatalog; path = Assets.xcassets; sourceTree = "<group>"; };
		D2ACB535276970B2002CF461 /* CoreDataTest.app */ = {isa = PBXFileReference; explicitFileType = wrapper.application; includeInIndex = 0; path = CoreDataTest.app; sourceTree = BUILT_PRODUCTS_DIR; };
		D2ACB53B276970B2002CF461 /* CoreDataTest.app */ = {isa = PBXFileReference; explicitFileType = wrapper.application; includeInIndex = 0; path = CoreDataTest.app; sourceTree = BUILT_PRODUCTS_DIR; };
		D2ACB53D276970B2002CF461 /* macOS.entitlements */ = {isa = PBXFileReference; lastKnownFileType = text.plist.entitlements; path = macOS.entitlements; sourceTree = "<group>"; };
		D2ACB5502769CA49002CF461 /* CoreDataTest (iOS).entitlements */ = {isa = PBXFileReference; lastKnownFileType = text.plist.entitlements; path = "CoreDataTest (iOS).entitlements"; sourceTree = "<group>"; };
		D2ACB5522769CA4D002CF461 /* CloudKit.framework */ = {isa = PBXFileReference; lastKnownFileType = wrapper.framework; name = CloudKit.framework; path = Platforms/iPhoneOS.platform/Developer/SDKs/iPhoneOS15.0.sdk/System/Library/Frameworks/CloudKit.framework; sourceTree = DEVELOPER_DIR; };
		D2ACB5542769CB45002CF461 /* CoreDataTest--iOS--Info.plist */ = {isa = PBXFileReference; lastKnownFileType = text.plist; path = "CoreDataTest--iOS--Info.plist"; sourceTree = "<group>"; };
		D2ACB5552769CBD5002CF461 /* CloudKit.framework */ = {isa = PBXFileReference; lastKnownFileType = wrapper.framework; name = CloudKit.framework; path = System/Library/Frameworks/CloudKit.framework; sourceTree = SDKROOT; };
/* End PBXFileReference section */

/* Begin PBXFrameworksBuildPhase section */
		D25D6E1D2769D9C600323F7A /* Frameworks */ = {
			isa = PBXFrameworksBuildPhase;
			buildActionMask = 2147483647;
			files = (
				D25D6E352769DC7D00323F7A /* CloudKit.framework in Frameworks */,
				D25D6E242769D9C600323F7A /* SwiftUI.framework in Frameworks */,
				D25D6E222769D9C600323F7A /* WidgetKit.framework in Frameworks */,
			);
			runOnlyForDeploymentPostprocessing = 0;
		};
		D2ACB532276970B2002CF461 /* Frameworks */ = {
			isa = PBXFrameworksBuildPhase;
			buildActionMask = 2147483647;
			files = (
				D2ACB5532769CA4D002CF461 /* CloudKit.framework in Frameworks */,
			);
			runOnlyForDeploymentPostprocessing = 0;
		};
		D2ACB538276970B2002CF461 /* Frameworks */ = {
			isa = PBXFrameworksBuildPhase;
			buildActionMask = 2147483647;
			files = (
				D2ACB5562769CBD5002CF461 /* CloudKit.framework in Frameworks */,
			);
			runOnlyForDeploymentPostprocessing = 0;
		};
/* End PBXFrameworksBuildPhase section */

/* Begin PBXGroup section */
		D25D6E252769D9C600323F7A /* CoreDataWidget */ = {
			isa = PBXGroup;
			children = (
				D25D6E262769D9C600323F7A /* CoreDataWidget.swift */,
				D25D6E282769D9C700323F7A /* Assets.xcassets */,
				D25D6E2A2769D9C700323F7A /* Info.plist */,
			);
			path = CoreDataWidget;
			sourceTree = "<group>";
		};
		D2ACB525276970B0002CF461 = {
			isa = PBXGroup;
			children = (
				D25D6E342769DC6D00323F7A /* CoreDataWidgetExtension.entitlements */,
				D2ACB5542769CB45002CF461 /* CoreDataTest--iOS--Info.plist */,
				D2ACB5502769CA49002CF461 /* CoreDataTest (iOS).entitlements */,
				D2ACB52A276970B0002CF461 /* Shared */,
				D2ACB53C276970B2002CF461 /* macOS */,
				D25D6E252769D9C600323F7A /* CoreDataWidget */,
				D2ACB536276970B2002CF461 /* Products */,
				D2ACB5512769CA4D002CF461 /* Frameworks */,
			);
			sourceTree = "<group>";
		};
		D2ACB52A276970B0002CF461 /* Shared */ = {
			isa = PBXGroup;
			children = (
				D2ACB52D276970B0002CF461 /* CoreDataTestApp.swift */,
				D2ACB52E276970B0002CF461 /* ContentView.swift */,
				D2ACB52F276970B0002CF461 /* Persistence.swift */,
				D2ACB530276970B2002CF461 /* Assets.xcassets */,
				D2ACB52B276970B0002CF461 /* CoreDataTest.xcdatamodeld */,
			);
			path = Shared;
			sourceTree = "<group>";
		};
		D2ACB536276970B2002CF461 /* Products */ = {
			isa = PBXGroup;
			children = (
				D2ACB535276970B2002CF461 /* CoreDataTest.app */,
				D2ACB53B276970B2002CF461 /* CoreDataTest.app */,
				D25D6E202769D9C600323F7A /* CoreDataWidgetExtension.appex */,
			);
			name = Products;
			sourceTree = "<group>";
		};
		D2ACB53C276970B2002CF461 /* macOS */ = {
			isa = PBXGroup;
			children = (
				D2ACB53D276970B2002CF461 /* macOS.entitlements */,
			);
			path = macOS;
			sourceTree = "<group>";
		};
		D2ACB5512769CA4D002CF461 /* Frameworks */ = {
			isa = PBXGroup;
			children = (
				D2ACB5552769CBD5002CF461 /* CloudKit.framework */,
				D2ACB5522769CA4D002CF461 /* CloudKit.framework */,
				D25D6E212769D9C600323F7A /* WidgetKit.framework */,
				D25D6E232769D9C600323F7A /* SwiftUI.framework */,
			);
			name = Frameworks;
			sourceTree = "<group>";
		};
/* End PBXGroup section */

/* Begin PBXNativeTarget section */
		D25D6E1F2769D9C600323F7A /* CoreDataWidgetExtension */ = {
			isa = PBXNativeTarget;
			buildConfigurationList = D25D6E2E2769D9C700323F7A /* Build configuration list for PBXNativeTarget "CoreDataWidgetExtension" */;
			buildPhases = (
				D25D6E1C2769D9C600323F7A /* Sources */,
				D25D6E1D2769D9C600323F7A /* Frameworks */,
				D25D6E1E2769D9C600323F7A /* Resources */,
			);
			buildRules = (
			);
			dependencies = (
			);
			name = CoreDataWidgetExtension;
			productName = CoreDataWidgetExtension;
			productReference = D25D6E202769D9C600323F7A /* CoreDataWidgetExtension.appex */;
			productType = "com.apple.product-type.app-extension";
		};
		D2ACB534276970B2002CF461 /* CoreDataTest (iOS) */ = {
			isa = PBXNativeTarget;
			buildConfigurationList = D2ACB54A276970B2002CF461 /* Build configuration list for PBXNativeTarget "CoreDataTest (iOS)" */;
			buildPhases = (
				D2ACB531276970B2002CF461 /* Sources */,
				D2ACB532276970B2002CF461 /* Frameworks */,
				D2ACB533276970B2002CF461 /* Resources */,
				D25D6E312769D9C700323F7A /* Embed App Extensions */,
			);
			buildRules = (
			);
			dependencies = (
				D25D6E2C2769D9C700323F7A /* PBXTargetDependency */,
			);
			name = "CoreDataTest (iOS)";
			productName = "CoreDataTest (iOS)";
			productReference = D2ACB535276970B2002CF461 /* CoreDataTest.app */;
			productType = "com.apple.product-type.application";
		};
		D2ACB53A276970B2002CF461 /* CoreDataTest (macOS) */ = {
			isa = PBXNativeTarget;
			buildConfigurationList = D2ACB54D276970B2002CF461 /* Build configuration list for PBXNativeTarget "CoreDataTest (macOS)" */;
			buildPhases = (
				D2ACB537276970B2002CF461 /* Sources */,
				D2ACB538276970B2002CF461 /* Frameworks */,
				D2ACB539276970B2002CF461 /* Resources */,
			);
			buildRules = (
			);
			dependencies = (
			);
			name = "CoreDataTest (macOS)";
			productName = "CoreDataTest (macOS)";
			productReference = D2ACB53B276970B2002CF461 /* CoreDataTest.app */;
			productType = "com.apple.product-type.application";
		};
/* End PBXNativeTarget section */

/* Begin PBXProject section */
		D2ACB526276970B0002CF461 /* Project object */ = {
			isa = PBXProject;
			attributes = {
				BuildIndependentTargetsInParallel = 1;
				LastSwiftUpdateCheck = 1310;
				LastUpgradeCheck = 1310;
				TargetAttributes = {
					D25D6E1F2769D9C600323F7A = {
						CreatedOnToolsVersion = 13.1;
					};
					D2ACB534276970B2002CF461 = {
						CreatedOnToolsVersion = 13.1;
					};
					D2ACB53A276970B2002CF461 = {
						CreatedOnToolsVersion = 13.1;
					};
				};
			};
			buildConfigurationList = D2ACB529276970B0002CF461 /* Build configuration list for PBXProject "CoreDataTest" */;
			compatibilityVersion = "Xcode 13.0";
			developmentRegion = en;
			hasScannedForEncodings = 0;
			knownRegions = (
				en,
				Base,
			);
			mainGroup = D2ACB525276970B0002CF461;
			productRefGroup = D2ACB536276970B2002CF461 /* Products */;
			projectDirPath = "";
			projectRoot = "";
			targets = (
				D2ACB534276970B2002CF461 /* CoreDataTest (iOS) */,
				D2ACB53A276970B2002CF461 /* CoreDataTest (macOS) */,
				D25D6E1F2769D9C600323F7A /* CoreDataWidgetExtension */,
			);
		};
/* End PBXProject section */

/* Begin PBXResourcesBuildPhase section */
		D25D6E1E2769D9C600323F7A /* Resources */ = {
			isa = PBXResourcesBuildPhase;
			buildActionMask = 2147483647;
			files = (
				D25D6E292769D9C700323F7A /* Assets.xcassets in Resources */,
			);
			runOnlyForDeploymentPostprocessing = 0;
		};
		D2ACB533276970B2002CF461 /* Resources */ = {
			isa = PBXResourcesBuildPhase;
			buildActionMask = 2147483647;
			files = (
				D2ACB546276970B2002CF461 /* Assets.xcassets in Resources */,
			);
			runOnlyForDeploymentPostprocessing = 0;
		};
		D2ACB539276970B2002CF461 /* Resources */ = {
			isa = PBXResourcesBuildPhase;
			buildActionMask = 2147483647;
			files = (
				D2ACB547276970B2002CF461 /* Assets.xcassets in Resources */,
			);
			runOnlyForDeploymentPostprocessing = 0;
		};
/* End PBXResourcesBuildPhase section */

/* Begin PBXSourcesBuildPhase section */
		D25D6E1C2769D9C600323F7A /* Sources */ = {
			isa = PBXSourcesBuildPhase;
			buildActionMask = 2147483647;
			files = (
				D25D6E272769D9C600323F7A /* CoreDataWidget.swift in Sources */,
				D25D6E332769D9E200323F7A /* CoreDataTest.xcdatamodeld in Sources */,
				D25D6E322769D9D700323F7A /* Persistence.swift in Sources */,
			);
			runOnlyForDeploymentPostprocessing = 0;
		};
		D2ACB531276970B2002CF461 /* Sources */ = {
			isa = PBXSourcesBuildPhase;
			buildActionMask = 2147483647;
			files = (
				D2ACB540276970B2002CF461 /* CoreDataTestApp.swift in Sources */,
				D2ACB544276970B2002CF461 /* Persistence.swift in Sources */,
				D2ACB53E276970B2002CF461 /* CoreDataTest.xcdatamodeld in Sources */,
				D2ACB542276970B2002CF461 /* ContentView.swift in Sources */,
			);
			runOnlyForDeploymentPostprocessing = 0;
		};
		D2ACB537276970B2002CF461 /* Sources */ = {
			isa = PBXSourcesBuildPhase;
			buildActionMask = 2147483647;
			files = (
				D2ACB541276970B2002CF461 /* CoreDataTestApp.swift in Sources */,
				D2ACB545276970B2002CF461 /* Persistence.swift in Sources */,
				D2ACB53F276970B2002CF461 /* CoreDataTest.xcdatamodeld in Sources */,
				D2ACB543276970B2002CF461 /* ContentView.swift in Sources */,
			);
			runOnlyForDeploymentPostprocessing = 0;
		};
/* End PBXSourcesBuildPhase section */

/* Begin PBXTargetDependency section */
		D25D6E2C2769D9C700323F7A /* PBXTargetDependency */ = {
			isa = PBXTargetDependency;
			target = D25D6E1F2769D9C600323F7A /* CoreDataWidgetExtension */;
			targetProxy = D25D6E2B2769D9C700323F7A /* PBXContainerItemProxy */;
		};
/* End PBXTargetDependency section */

/* Begin XCBuildConfiguration section */
		D25D6E2F2769D9C700323F7A /* Debug */ = {
			isa = XCBuildConfiguration;
			buildSettings = {
				ASSETCATALOG_COMPILER_GLOBAL_ACCENT_COLOR_NAME = AccentColor;
				ASSETCATALOG_COMPILER_WIDGET_BACKGROUND_COLOR_NAME = WidgetBackground;
				CODE_SIGN_ENTITLEMENTS = CoreDataWidgetExtension.entitlements;
				CODE_SIGN_IDENTITY = "Apple Development";
				CODE_SIGN_STYLE = Automatic;
				CURRENT_PROJECT_VERSION = 1;
				DEVELOPMENT_TEAM = PU59A74F57;
				GENERATE_INFOPLIST_FILE = YES;
				INFOPLIST_FILE = CoreDataWidget/Info.plist;
				INFOPLIST_KEY_CFBundleDisplayName = CoreDataWidget;
				INFOPLIST_KEY_NSHumanReadableCopyright = "";
				IPHONEOS_DEPLOYMENT_TARGET = 15.0;
				LD_RUNPATH_SEARCH_PATHS = (
					"$(inherited)",
					"@executable_path/Frameworks",
					"@executable_path/../../Frameworks",
				);
				MARKETING_VERSION = 1.0;
				PRODUCT_BUNDLE_IDENTIFIER = com.johnnastos.CoreDataTest.CoreDataWidget;
				PRODUCT_NAME = "$(TARGET_NAME)";
				SDKROOT = iphoneos;
				SKIP_INSTALL = YES;
				SWIFT_EMIT_LOC_STRINGS = YES;
				SWIFT_VERSION = 5.0;
				TARGETED_DEVICE_FAMILY = "1,2";
			};
			name = Debug;
		};
		D25D6E302769D9C700323F7A /* Release */ = {
			isa = XCBuildConfiguration;
			buildSettings = {
				ASSETCATALOG_COMPILER_GLOBAL_ACCENT_COLOR_NAME = AccentColor;
				ASSETCATALOG_COMPILER_WIDGET_BACKGROUND_COLOR_NAME = WidgetBackground;
				CODE_SIGN_ENTITLEMENTS = CoreDataWidgetExtension.entitlements;
				CODE_SIGN_IDENTITY = "Apple Development";
				CODE_SIGN_STYLE = Automatic;
				CURRENT_PROJECT_VERSION = 1;
				DEVELOPMENT_TEAM = PU59A74F57;
				GENERATE_INFOPLIST_FILE = YES;
				INFOPLIST_FILE = CoreDataWidget/Info.plist;
				INFOPLIST_KEY_CFBundleDisplayName = CoreDataWidget;
				INFOPLIST_KEY_NSHumanReadableCopyright = "";
				IPHONEOS_DEPLOYMENT_TARGET = 15.0;
				LD_RUNPATH_SEARCH_PATHS = (
					"$(inherited)",
					"@executable_path/Frameworks",
					"@executable_path/../../Frameworks",
				);
				MARKETING_VERSION = 1.0;
				PRODUCT_BUNDLE_IDENTIFIER = com.johnnastos.CoreDataTest.CoreDataWidget;
				PRODUCT_NAME = "$(TARGET_NAME)";
				SDKROOT = iphoneos;
				SKIP_INSTALL = YES;
				SWIFT_EMIT_LOC_STRINGS = YES;
				SWIFT_VERSION = 5.0;
				TARGETED_DEVICE_FAMILY = "1,2";
				VALIDATE_PRODUCT = YES;
			};
			name = Release;
		};
		D2ACB548276970B2002CF461 /* Debug */ = {
			isa = XCBuildConfiguration;
			buildSettings = {
				ALWAYS_SEARCH_USER_PATHS = NO;
				CLANG_ANALYZER_NONNULL = YES;
				CLANG_ANALYZER_NUMBER_OBJECT_CONVERSION = YES_AGGRESSIVE;
				CLANG_CXX_LANGUAGE_STANDARD = "gnu++17";
				CLANG_CXX_LIBRARY = "libc++";
				CLANG_ENABLE_MODULES = YES;
				CLANG_ENABLE_OBJC_ARC = YES;
				CLANG_ENABLE_OBJC_WEAK = YES;
				CLANG_WARN_BLOCK_CAPTURE_AUTORELEASING = YES;
				CLANG_WARN_BOOL_CONVERSION = YES;
				CLANG_WARN_COMMA = YES;
				CLANG_WARN_CONSTANT_CONVERSION = YES;
				CLANG_WARN_DEPRECATED_OBJC_IMPLEMENTATIONS = YES;
				CLANG_WARN_DIRECT_OBJC_ISA_USAGE = YES_ERROR;
				CLANG_WARN_DOCUMENTATION_COMMENTS = YES;
				CLANG_WARN_EMPTY_BODY = YES;
				CLANG_WARN_ENUM_CONVERSION = YES;
				CLANG_WARN_INFINITE_RECURSION = YES;
				CLANG_WARN_INT_CONVERSION = YES;
				CLANG_WARN_NON_LITERAL_NULL_CONVERSION = YES;
				CLANG_WARN_OBJC_IMPLICIT_RETAIN_SELF = YES;
				CLANG_WARN_OBJC_LITERAL_CONVERSION = YES;
				CLANG_WARN_OBJC_ROOT_CLASS = YES_ERROR;
				CLANG_WARN_QUOTED_INCLUDE_IN_FRAMEWORK_HEADER = YES;
				CLANG_WARN_RANGE_LOOP_ANALYSIS = YES;
				CLANG_WARN_STRICT_PROTOTYPES = YES;
				CLANG_WARN_SUSPICIOUS_MOVE = YES;
				CLANG_WARN_UNGUARDED_AVAILABILITY = YES_AGGRESSIVE;
				CLANG_WARN_UNREACHABLE_CODE = YES;
				CLANG_WARN__DUPLICATE_METHOD_MATCH = YES;
				COPY_PHASE_STRIP = NO;
				DEBUG_INFORMATION_FORMAT = dwarf;
				ENABLE_STRICT_OBJC_MSGSEND = YES;
				ENABLE_TESTABILITY = YES;
				GCC_C_LANGUAGE_STANDARD = gnu11;
				GCC_DYNAMIC_NO_PIC = NO;
				GCC_NO_COMMON_BLOCKS = YES;
				GCC_OPTIMIZATION_LEVEL = 0;
				GCC_PREPROCESSOR_DEFINITIONS = (
					"DEBUG=1",
					"$(inherited)",
				);
				GCC_WARN_64_TO_32_BIT_CONVERSION = YES;
				GCC_WARN_ABOUT_RETURN_TYPE = YES_ERROR;
				GCC_WARN_UNDECLARED_SELECTOR = YES;
				GCC_WARN_UNINITIALIZED_AUTOS = YES_AGGRESSIVE;
				GCC_WARN_UNUSED_FUNCTION = YES;
				GCC_WARN_UNUSED_VARIABLE = YES;
				MTL_ENABLE_DEBUG_INFO = INCLUDE_SOURCE;
				MTL_FAST_MATH = YES;
				ONLY_ACTIVE_ARCH = YES;
				SWIFT_ACTIVE_COMPILATION_CONDITIONS = DEBUG;
				SWIFT_OPTIMIZATION_LEVEL = "-Onone";
			};
			name = Debug;
		};
		D2ACB549276970B2002CF461 /* Release */ = {
			isa = XCBuildConfiguration;
			buildSettings = {
				ALWAYS_SEARCH_USER_PATHS = NO;
				CLANG_ANALYZER_NONNULL = YES;
				CLANG_ANALYZER_NUMBER_OBJECT_CONVERSION = YES_AGGRESSIVE;
				CLANG_CXX_LANGUAGE_STANDARD = "gnu++17";
				CLANG_CXX_LIBRARY = "libc++";
				CLANG_ENABLE_MODULES = YES;
				CLANG_ENABLE_OBJC_ARC = YES;
				CLANG_ENABLE_OBJC_WEAK = YES;
				CLANG_WARN_BLOCK_CAPTURE_AUTORELEASING = YES;
				CLANG_WARN_BOOL_CONVERSION = YES;
				CLANG_WARN_COMMA = YES;
				CLANG_WARN_CONSTANT_CONVERSION = YES;
				CLANG_WARN_DEPRECATED_OBJC_IMPLEMENTATIONS = YES;
				CLANG_WARN_DIRECT_OBJC_ISA_USAGE = YES_ERROR;
				CLANG_WARN_DOCUMENTATION_COMMENTS = YES;
				CLANG_WARN_EMPTY_BODY = YES;
				CLANG_WARN_ENUM_CONVERSION = YES;
				CLANG_WARN_INFINITE_RECURSION = YES;
				CLANG_WARN_INT_CONVERSION = YES;
				CLANG_WARN_NON_LITERAL_NULL_CONVERSION = YES;
				CLANG_WARN_OBJC_IMPLICIT_RETAIN_SELF = YES;
				CLANG_WARN_OBJC_LITERAL_CONVERSION = YES;
				CLANG_WARN_OBJC_ROOT_CLASS = YES_ERROR;
				CLANG_WARN_QUOTED_INCLUDE_IN_FRAMEWORK_HEADER = YES;
				CLANG_WARN_RANGE_LOOP_ANALYSIS = YES;
				CLANG_WARN_STRICT_PROTOTYPES = YES;
				CLANG_WARN_SUSPICIOUS_MOVE = YES;
				CLANG_WARN_UNGUARDED_AVAILABILITY = YES_AGGRESSIVE;
				CLANG_WARN_UNREACHABLE_CODE = YES;
				CLANG_WARN__DUPLICATE_METHOD_MATCH = YES;
				COPY_PHASE_STRIP = NO;
				DEBUG_INFORMATION_FORMAT = "dwarf-with-dsym";
				ENABLE_NS_ASSERTIONS = NO;
				ENABLE_STRICT_OBJC_MSGSEND = YES;
				GCC_C_LANGUAGE_STANDARD = gnu11;
				GCC_NO_COMMON_BLOCKS = YES;
				GCC_WARN_64_TO_32_BIT_CONVERSION = YES;
				GCC_WARN_ABOUT_RETURN_TYPE = YES_ERROR;
				GCC_WARN_UNDECLARED_SELECTOR = YES;
				GCC_WARN_UNINITIALIZED_AUTOS = YES_AGGRESSIVE;
				GCC_WARN_UNUSED_FUNCTION = YES;
				GCC_WARN_UNUSED_VARIABLE = YES;
				MTL_ENABLE_DEBUG_INFO = NO;
				MTL_FAST_MATH = YES;
				SWIFT_COMPILATION_MODE = wholemodule;
				SWIFT_OPTIMIZATION_LEVEL = "-O";
			};
			name = Release;
		};
		D2ACB54B276970B2002CF461 /* Debug */ = {
			isa = XCBuildConfiguration;
			buildSettings = {
				ALWAYS_EMBED_SWIFT_STANDARD_LIBRARIES = YES;
				ASSETCATALOG_COMPILER_APPICON_NAME = AppIcon;
				ASSETCATALOG_COMPILER_GLOBAL_ACCENT_COLOR_NAME = AccentColor;
				CODE_SIGN_ENTITLEMENTS = "CoreDataTest (iOS).entitlements";
				CODE_SIGN_IDENTITY = "Apple Development";
				CODE_SIGN_STYLE = Automatic;
				CURRENT_PROJECT_VERSION = 1;
				DEVELOPMENT_TEAM = PU59A74F57;
				ENABLE_PREVIEWS = YES;
				GENERATE_INFOPLIST_FILE = YES;
				INFOPLIST_FILE = "CoreDataTest--iOS--Info.plist";
				INFOPLIST_KEY_UIApplicationSceneManifest_Generation = YES;
				INFOPLIST_KEY_UIApplicationSupportsIndirectInputEvents = YES;
				INFOPLIST_KEY_UILaunchScreen_Generation = YES;
				INFOPLIST_KEY_UISupportedInterfaceOrientations_iPad = "UIInterfaceOrientationPortrait UIInterfaceOrientationPortraitUpsideDown UIInterfaceOrientationLandscapeLeft UIInterfaceOrientationLandscapeRight";
				INFOPLIST_KEY_UISupportedInterfaceOrientations_iPhone = "UIInterfaceOrientationPortrait UIInterfaceOrientationLandscapeLeft UIInterfaceOrientationLandscapeRight";
				IPHONEOS_DEPLOYMENT_TARGET = 15.0;
				LD_RUNPATH_SEARCH_PATHS = (
					"$(inherited)",
					"@executable_path/Frameworks",
				);
				MARKETING_VERSION = 1.0;
				PRODUCT_BUNDLE_IDENTIFIER = com.johnnastos.CoreDataTest;
				PRODUCT_NAME = CoreDataTest;
				PROVISIONING_PROFILE_SPECIFIER = "";
				SDKROOT = iphoneos;
				SWIFT_EMIT_LOC_STRINGS = YES;
				SWIFT_VERSION = 5.0;
				TARGETED_DEVICE_FAMILY = "1,2";
			};
			name = Debug;
		};
		D2ACB54C276970B2002CF461 /* Release */ = {
			isa = XCBuildConfiguration;
			buildSettings = {
				ALWAYS_EMBED_SWIFT_STANDARD_LIBRARIES = YES;
				ASSETCATALOG_COMPILER_APPICON_NAME = AppIcon;
				ASSETCATALOG_COMPILER_GLOBAL_ACCENT_COLOR_NAME = AccentColor;
				CODE_SIGN_ENTITLEMENTS = "CoreDataTest (iOS).entitlements";
				CODE_SIGN_IDENTITY = "Apple Development";
				CODE_SIGN_STYLE = Automatic;
				CURRENT_PROJECT_VERSION = 1;
				DEVELOPMENT_TEAM = PU59A74F57;
				ENABLE_PREVIEWS = YES;
				GENERATE_INFOPLIST_FILE = YES;
				INFOPLIST_FILE = "CoreDataTest--iOS--Info.plist";
				INFOPLIST_KEY_UIApplicationSceneManifest_Generation = YES;
				INFOPLIST_KEY_UIApplicationSupportsIndirectInputEvents = YES;
				INFOPLIST_KEY_UILaunchScreen_Generation = YES;
				INFOPLIST_KEY_UISupportedInterfaceOrientations_iPad = "UIInterfaceOrientationPortrait UIInterfaceOrientationPortraitUpsideDown UIInterfaceOrientationLandscapeLeft UIInterfaceOrientationLandscapeRight";
				INFOPLIST_KEY_UISupportedInterfaceOrientations_iPhone = "UIInterfaceOrientationPortrait UIInterfaceOrientationLandscapeLeft UIInterfaceOrientationLandscapeRight";
				IPHONEOS_DEPLOYMENT_TARGET = 15.0;
				LD_RUNPATH_SEARCH_PATHS = (
					"$(inherited)",
					"@executable_path/Frameworks",
				);
				MARKETING_VERSION = 1.0;
				PRODUCT_BUNDLE_IDENTIFIER = com.johnnastos.CoreDataTest;
				PRODUCT_NAME = CoreDataTest;
				PROVISIONING_PROFILE_SPECIFIER = "";
				SDKROOT = iphoneos;
				SWIFT_EMIT_LOC_STRINGS = YES;
				SWIFT_VERSION = 5.0;
				TARGETED_DEVICE_FAMILY = "1,2";
				VALIDATE_PRODUCT = YES;
			};
			name = Release;
		};
		D2ACB54E276970B2002CF461 /* Debug */ = {
			isa = XCBuildConfiguration;
			buildSettings = {
				ASSETCATALOG_COMPILER_APPICON_NAME = AppIcon;
				ASSETCATALOG_COMPILER_GLOBAL_ACCENT_COLOR_NAME = AccentColor;
				CODE_SIGN_ENTITLEMENTS = macOS/macOS.entitlements;
				CODE_SIGN_STYLE = Automatic;
				COMBINE_HIDPI_IMAGES = YES;
				CURRENT_PROJECT_VERSION = 1;
				DEVELOPMENT_TEAM = PU59A74F57;
				ENABLE_HARDENED_RUNTIME = YES;
				ENABLE_PREVIEWS = YES;
				GENERATE_INFOPLIST_FILE = YES;
				INFOPLIST_KEY_NSHumanReadableCopyright = "";
				LD_RUNPATH_SEARCH_PATHS = (
					"$(inherited)",
					"@executable_path/../Frameworks",
				);
				MACOSX_DEPLOYMENT_TARGET = 11.3;
				MARKETING_VERSION = 1.0;
				PRODUCT_BUNDLE_IDENTIFIER = com.johnnastos.CoreDataTest;
				PRODUCT_NAME = CoreDataTest;
				SDKROOT = macosx;
				SWIFT_EMIT_LOC_STRINGS = YES;
				SWIFT_VERSION = 5.0;
			};
			name = Debug;
		};
		D2ACB54F276970B2002CF461 /* Release */ = {
			isa = XCBuildConfiguration;
			buildSettings = {
				ASSETCATALOG_COMPILER_APPICON_NAME = AppIcon;
				ASSETCATALOG_COMPILER_GLOBAL_ACCENT_COLOR_NAME = AccentColor;
				CODE_SIGN_ENTITLEMENTS = macOS/macOS.entitlements;
				CODE_SIGN_STYLE = Automatic;
				COMBINE_HIDPI_IMAGES = YES;
				CURRENT_PROJECT_VERSION = 1;
				DEVELOPMENT_TEAM = PU59A74F57;
				ENABLE_HARDENED_RUNTIME = YES;
				ENABLE_PREVIEWS = YES;
				GENERATE_INFOPLIST_FILE = YES;
				INFOPLIST_KEY_NSHumanReadableCopyright = "";
				LD_RUNPATH_SEARCH_PATHS = (
					"$(inherited)",
					"@executable_path/../Frameworks",
				);
				MACOSX_DEPLOYMENT_TARGET = 11.3;
				MARKETING_VERSION = 1.0;
				PRODUCT_BUNDLE_IDENTIFIER = com.johnnastos.CoreDataTest;
				PRODUCT_NAME = CoreDataTest;
				SDKROOT = macosx;
				SWIFT_EMIT_LOC_STRINGS = YES;
				SWIFT_VERSION = 5.0;
			};
			name = Release;
		};
/* End XCBuildConfiguration section */

/* Begin XCConfigurationList section */
		D25D6E2E2769D9C700323F7A /* Build configuration list for PBXNativeTarget "CoreDataWidgetExtension" */ = {
			isa = XCConfigurationList;
			buildConfigurations = (
				D25D6E2F2769D9C700323F7A /* Debug */,
				D25D6E302769D9C700323F7A /* Release */,
			);
			defaultConfigurationIsVisible = 0;
			defaultConfigurationName = Release;
		};
		D2ACB529276970B0002CF461 /* Build configuration list for PBXProject "CoreDataTest" */ = {
			isa = XCConfigurationList;
			buildConfigurations = (
				D2ACB548276970B2002CF461 /* Debug */,
				D2ACB549276970B2002CF461 /* Release */,
			);
			defaultConfigurationIsVisible = 0;
			defaultConfigurationName = Release;
		};
		D2ACB54A276970B2002CF461 /* Build configuration list for PBXNativeTarget "CoreDataTest (iOS)" */ = {
			isa = XCConfigurationList;
			buildConfigurations = (
				D2ACB54B276970B2002CF461 /* Debug */,
				D2ACB54C276970B2002CF461 /* Release */,
			);
			defaultConfigurationIsVisible = 0;
			defaultConfigurationName = Release;
		};
		D2ACB54D276970B2002CF461 /* Build configuration list for PBXNativeTarget "CoreDataTest (macOS)" */ = {
			isa = XCConfigurationList;
			buildConfigurations = (
				D2ACB54E276970B2002CF461 /* Debug */,
				D2ACB54F276970B2002CF461 /* Release */,
			);
			defaultConfigurationIsVisible = 0;
			defaultConfigurationName = Release;
		};
/* End XCConfigurationList section */

/* Begin XCVersionGroup section */
		D2ACB52B276970B0002CF461 /* CoreDataTest.xcdatamodeld */ = {
			isa = XCVersionGroup;
			children = (
				D2ACB52C276970B0002CF461 /* Shared.xcdatamodel */,
			);
			currentVersion = D2ACB52C276970B0002CF461 /* Shared.xcdatamodel */;
			path = CoreDataTest.xcdatamodeld;
			sourceTree = "<group>";
			versionGroupType = wrapper.xcdatamodel;
		};
/* End XCVersionGroup section */
	};
	rootObject = D2ACB526276970B0002CF461 /* Project object */;
}
